
Microsoft Visual Studio Solution File, Format Version 12.00
# Visual Studio Version 17
VisualStudioVersion = 17.11.35327.3
MinimumVisualStudioVersion = 10.0.40219.1
Project("{FAE04EC0-301F-11D3-BF4B-00C04F79EFBC}") = "task1_c#", "task1_c#\task1_c#.csproj", "{F5BC635A-E4DB-4C28-8872-20D3675958D1}"
EndProject
Global
	GlobalSection(SolutionConfigurationPlatforms) = preSolution
		Debug|Any CPU = Debug|Any CPU
		Release|Any CPU = Release|Any CPU
	EndGlobalSection
	GlobalSection(ProjectConfigurationPlatforms) = postSolution
		{F5BC635A-E4DB-4C28-8872-20D3675958D1}.Debug|Any CPU.ActiveCfg = Debug|Any CPU
		{F5BC635A-E4DB-4C28-8872-20D3675958D1}.Debug|Any CPU.Build.0 = Debug|Any CPU
		{F5BC635A-E4DB-4C28-8872-20D3675958D1}.Release|Any CPU.ActiveCfg = Release|Any CPU
		{F5BC635A-E4DB-4C28-8872-20D3675958D1}.Release|Any CPU.Build.0 = Release|Any CPU
	EndGlobalSection
	GlobalSection(SolutionProperties) = preSolution
		HideSolutionNode = FALSE
	EndGlobalSection
	GlobalSection(ExtensibilityGlobals) = postSolution
		SolutionGuid = {4068AC38-4693-4C27-B7A2-520804CFD0F2}
	EndGlobalSection
EndGlobal
